
Microsoft Visual Studio Solution File, Format Version 12.00
# Visual Studio Version 16
VisualStudioVersion = 16.0.30114.105
MinimumVisualStudioVersion = 10.0.40219.1
Project("{FAE04EC0-301F-11D3-BF4B-00C04F79EFBC}") = "Server", "Server\Server.csproj", "{2BA2EAC6-9F2B-416F-A243-32613B8269AD}"
EndProject
Project("{FAE04EC0-301F-11D3-BF4B-00C04F79EFBC}") = "Client", "Client\Client.csproj", "{0D3C5CFC-0DA3-4083-8646-95AFBE851145}"
EndProject
Global
	GlobalSection(SolutionConfigurationPlatforms) = preSolution
		Debug|Any CPU = Debug|Any CPU
		Debug|x64 = Debug|x64
		Debug|x86 = Debug|x86
		Release|Any CPU = Release|Any CPU
		Release|x64 = Release|x64
		Release|x86 = Release|x86
	EndGlobalSection
	GlobalSection(SolutionProperties) = preSolution
		HideSolutionNode = FALSE
	EndGlobalSection
	GlobalSection(ProjectConfigurationPlatforms) = postSolution
		{2BA2EAC6-9F2B-416F-A243-32613B8269AD}.Debug|Any CPU.ActiveCfg = Debug|Any CPU
		{2BA2EAC6-9F2B-416F-A243-32613B8269AD}.Debug|Any CPU.Build.0 = Debug|Any CPU
		{2BA2EAC6-9F2B-416F-A243-32613B8269AD}.Debug|x64.ActiveCfg = Debug|Any CPU
		{2BA2EAC6-9F2B-416F-A243-32613B8269AD}.Debug|x64.Build.0 = Debug|Any CPU
		{2BA2EAC6-9F2B-416F-A243-32613B8269AD}.Debug|x86.ActiveCfg = Debug|Any CPU
		{2BA2EAC6-9F2B-416F-A243-32613B8269AD}.Debug|x86.Build.0 = Debug|Any CPU
		{2BA2EAC6-9F2B-416F-A243-32613B8269AD}.Release|Any CPU.ActiveCfg = Release|Any CPU
		{2BA2EAC6-9F2B-416F-A243-32613B8269AD}.Release|Any CPU.Build.0 = Release|Any CPU
		{2BA2EAC6-9F2B-416F-A243-32613B8269AD}.Release|x64.ActiveCfg = Release|Any CPU
		{2BA2EAC6-9F2B-416F-A243-32613B8269AD}.Release|x64.Build.0 = Release|Any CPU
		{2BA2EAC6-9F2B-416F-A243-32613B8269AD}.Release|x86.ActiveCfg = Release|Any CPU
		{2BA2EAC6-9F2B-416F-A243-32613B8269AD}.Release|x86.Build.0 = Release|Any CPU
		{0D3C5CFC-0DA3-4083-8646-95AFBE851145}.Debug|Any CPU.ActiveCfg = Debug|Any CPU
		{0D3C5CFC-0DA3-4083-8646-95AFBE851145}.Debug|Any CPU.Build.0 = Debug|Any CPU
		{0D3C5CFC-0DA3-4083-8646-95AFBE851145}.Debug|x64.ActiveCfg = Debug|Any CPU
		{0D3C5CFC-0DA3-4083-8646-95AFBE851145}.Debug|x64.Build.0 = Debug|Any CPU
		{0D3C5CFC-0DA3-4083-8646-95AFBE851145}.Debug|x86.ActiveCfg = Debug|Any CPU
		{0D3C5CFC-0DA3-4083-8646-95AFBE851145}.Debug|x86.Build.0 = Debug|Any CPU
		{0D3C5CFC-0DA3-4083-8646-95AFBE851145}.Release|Any CPU.ActiveCfg = Release|Any CPU
		{0D3C5CFC-0DA3-4083-8646-95AFBE851145}.Release|Any CPU.Build.0 = Release|Any CPU
		{0D3C5CFC-0DA3-4083-8646-95AFBE851145}.Release|x64.ActiveCfg = Release|Any CPU
		{0D3C5CFC-0DA3-4083-8646-95AFBE851145}.Release|x64.Build.0 = Release|Any CPU
		{0D3C5CFC-0DA3-4083-8646-95AFBE851145}.Release|x86.ActiveCfg = Release|Any CPU
		{0D3C5CFC-0DA3-4083-8646-95AFBE851145}.Release|x86.Build.0 = Release|Any CPU
	EndGlobalSection
EndGlobal
